
Microsoft Visual Studio Solution File, Format Version 12.00
# Visual Studio Version 16
VisualStudioVersion = 16.0.30914.41
MinimumVisualStudioVersion = 10.0.40219.1
Project("{FAE04EC0-301F-11D3-BF4B-00C04F79EFBC}") = "PRTG Redis Sensor", "PRTG Redis Sensor.csproj", "{25435E2B-700F-4E47-99CA-37522248E42B}"
EndProject
Global
	GlobalSection(SolutionConfigurationPlatforms) = preSolution
		Debug|Any CPU = Debug|Any CPU
		Release|Any CPU = Release|Any CPU
	EndGlobalSection
	GlobalSection(ProjectConfigurationPlatforms) = postSolution
		{25435E2B-700F-4E47-99CA-37522248E42B}.Debug|Any CPU.ActiveCfg = Debug|Any CPU
		{25435E2B-700F-4E47-99CA-37522248E42B}.Debug|Any CPU.Build.0 = Debug|Any CPU
		{25435E2B-700F-4E47-99CA-37522248E42B}.Release|Any CPU.ActiveCfg = Release|Any CPU
		{25435E2B-700F-4E47-99CA-37522248E42B}.Release|Any CPU.Build.0 = Release|Any CPU
	EndGlobalSection
	GlobalSection(SolutionProperties) = preSolution
		HideSolutionNode = FALSE
	EndGlobalSection
	GlobalSection(ExtensibilityGlobals) = postSolution
		SolutionGuid = {BAD63CE6-FB27-4EFB-9F70-EE256C826400}
	EndGlobalSection
EndGlobal
